
Microsoft Visual Studio Solution File, Format Version 12.00
# Visual Studio Version 17
VisualStudioVersion = 17.7.34024.191
MinimumVisualStudioVersion = 10.0.40219.1
Project("{FAE04EC0-301F-11D3-BF4B-00C04F79EFBC}") = "Week9lists", "Week9lists\Week9lists.csproj", "{6BCA805D-86D1-4945-A6B2-9E27FE1F7876}"
EndProject
Global
	GlobalSection(SolutionConfigurationPlatforms) = preSolution
		Debug|Any CPU = Debug|Any CPU
		Release|Any CPU = Release|Any CPU
	EndGlobalSection
	GlobalSection(ProjectConfigurationPlatforms) = postSolution
		{6BCA805D-86D1-4945-A6B2-9E27FE1F7876}.Debug|Any CPU.ActiveCfg = Debug|Any CPU
		{6BCA805D-86D1-4945-A6B2-9E27FE1F7876}.Debug|Any CPU.Build.0 = Debug|Any CPU
		{6BCA805D-86D1-4945-A6B2-9E27FE1F7876}.Release|Any CPU.ActiveCfg = Release|Any CPU
		{6BCA805D-86D1-4945-A6B2-9E27FE1F7876}.Release|Any CPU.Build.0 = Release|Any CPU
	EndGlobalSection
	GlobalSection(SolutionProperties) = preSolution
		HideSolutionNode = FALSE
	EndGlobalSection
	GlobalSection(ExtensibilityGlobals) = postSolution
		SolutionGuid = {70235438-92E5-4908-BA51-CF49EC685FAF}
	EndGlobalSection
EndGlobal
